<?xml version="1.0" encoding="utf-8"?>
<Project ToolsVersion="4.0" xmlns="http://schemas.microsoft.com/developer/msbuild/2003">
  <ItemGroup>
    <ClInclude Include="source\config.h">
      <Filter>commons</Filter>
    </ClInclude>
    <ClInclude Include="source\maingame.h">
      <Filter>mains</Filter>
    </ClInclude>
    <ClInclude Include="source\objectmanager.h">
      <Filter>PlayScene</Filter>
    </ClInclude>
    <ClInclude Include="source\backimg.h">
      <Filter>PlayScene\objmanager</Filter>
    </ClInclude>
    <ClInclude Include="source\barrett.h">
      <Filter>PlayScene\objmanager</Filter>
    </ClInclude>
    <ClInclude Include="source\enemy.h">
      <Filter>PlayScene\objmanager</Filter>
    </ClInclude>
    <ClInclude Include="source\player.h">
      <Filter>PlayScene\objmanager</Filter>
    </ClInclude>
    <ClInclude Include="source\playscene.h">
      <Filter>scene</Filter>
    </ClInclude>
    <ClInclude Include="source\scenebase.h">
      <Filter>scene</Filter>
    </ClInclude>
    <ClInclude Include="source\scenemanager.h">
      <Filter>scene</Filter>
    </ClInclude>
    <ClInclude Include="source\titlescene.h">
      <Filter>scene</Filter>
    </ClInclude>
    <ClInclude Include="laststg_source\laststg_backimg.h">
      <Filter>laststg_</Filter>
    </ClInclude>
    <ClInclude Include="laststg_source\laststg_barrett.h">
      <Filter>laststg_</Filter>
    </ClInclude>
    <ClInclude Include="laststg_source\laststg_boss.h">
      <Filter>laststg_</Filter>
    </ClInclude>
    <ClInclude Include="laststg_source\laststg_bossenemy.h">
      <Filter>laststg_</Filter>
    </ClInclude>
    <ClInclude Include="laststg_source\laststg_bosshoukou.h">
      <Filter>laststg_</Filter>
    </ClInclude>
    <ClInclude Include="laststg_source\laststg_bossSpawnWarning.h">
      <Filter>laststg_</Filter>
    </ClInclude>
    <ClInclude Include="laststg_source\laststg_clear.h">
      <Filter>laststg_</Filter>
    </ClInclude>
    <ClInclude Include="laststg_source\laststg_common.h">
      <Filter>laststg_</Filter>
    </ClInclude>
    <ClInclude Include="laststg_source\laststg_config.h">
      <Filter>laststg_</Filter>
    </ClInclude>
    <ClInclude Include="laststg_source\laststg_effect.h">
      <Filter>laststg_</Filter>
    </ClInclude>
    <ClInclude Include="laststg_source\laststg_enemies.h">
      <Filter>laststg_</Filter>
    </ClInclude>
    <ClInclude Include="laststg_source\laststg_fire.h">
      <Filter>laststg_</Filter>
    </ClInclude>
    <ClInclude Include="laststg_source\laststg_gameover.h">
      <Filter>laststg_</Filter>
    </ClInclude>
    <ClInclude Include="laststg_source\laststg_health.h">
      <Filter>laststg_</Filter>
    </ClInclude>
    <ClInclude Include="laststg_source\laststg_item.h">
      <Filter>laststg_</Filter>
    </ClInclude>
    <ClInclude Include="laststg_source\laststg_object.h">
      <Filter>laststg_</Filter>
    </ClInclude>
    <ClInclude Include="laststg_source\laststg_player.h">
      <Filter>laststg_</Filter>
    </ClInclude>
    <ClInclude Include="laststg_source\laststg_randquake.h">
      <Filter>laststg_</Filter>
    </ClInclude>
    <ClInclude Include="laststg_source\laststg_scenemanager.h">
      <Filter>laststg_</Filter>
    </ClInclude>
    <ClInclude Include="laststg_source\laststg_switchControl.h">
      <Filter>laststg_</Filter>
    </ClInclude>
    <ClInclude Include="laststg_source\laststg_title.h">
      <Filter>laststg_</Filter>
    </ClInclude>
    <ClInclude Include="laststg_source\laststg_works.h">
      <Filter>laststg_</Filter>
    </ClInclude>
  </ItemGroup>
  <ItemGroup>
    <Filter Include="mains">
      <UniqueIdentifier>{21aced07-2403-4942-909d-90c2c01dba3c}</UniqueIdentifier>
    </Filter>
    <Filter Include="commons">
      <UniqueIdentifier>{9c7b1c2f-1026-4455-98c6-a705d03096e1}</UniqueIdentifier>
    </Filter>
    <Filter Include="scene">
      <UniqueIdentifier>{ecda4f14-afd3-4736-a640-ae2463995bef}</UniqueIdentifier>
    </Filter>
    <Filter Include="PlayScene">
      <UniqueIdentifier>{0b87676f-86ef-4cd2-9fb7-1fddfcf40e9e}</UniqueIdentifier>
    </Filter>
    <Filter Include="PlayScene\objmanager">
      <UniqueIdentifier>{9cf206d8-a1da-4ab8-9ab1-9f1291df749b}</UniqueIdentifier>
    </Filter>
    <Filter Include="TitleScene">
      <UniqueIdentifier>{8bda0a99-8417-4d1e-bfe4-04a48f5b27e6}</UniqueIdentifier>
    </Filter>
    <Filter Include="laststg_">
      <UniqueIdentifier>{70655b2f-9266-44f0-aa82-886ef5783fc3}</UniqueIdentifier>
    </Filter>
  </ItemGroup>
  <ItemGroup>
    <ClCompile Include="source\winmain.cpp">
      <Filter>mains</Filter>
    </ClCompile>
    <ClCompile Include="source\maingame.cpp">
      <Filter>mains</Filter>
    </ClCompile>
    <ClCompile Include="source\objectmanager.cpp">
      <Filter>PlayScene</Filter>
    </ClCompile>
    <ClCompile Include="source\backimg.cpp">
      <Filter>PlayScene\objmanager</Filter>
    </ClCompile>
    <ClCompile Include="source\barrett.cpp">
      <Filter>PlayScene\objmanager</Filter>
    </ClCompile>
    <ClCompile Include="source\enemy.cpp">
      <Filter>PlayScene\objmanager</Filter>
    </ClCompile>
    <ClCompile Include="source\player.cpp">
      <Filter>PlayScene\objmanager</Filter>
    </ClCompile>
    <ClCompile Include="source\playscene.cpp">
      <Filter>scene</Filter>
    </ClCompile>
    <ClCompile Include="source\scenemanager.cpp">
      <Filter>scene</Filter>
    </ClCompile>
    <ClCompile Include="source\titlescene.cpp">
      <Filter>scene</Filter>
    </ClCompile>
    <ClCompile Include="laststg_source\laststg_backimg.cpp">
      <Filter>laststg_</Filter>
    </ClCompile>
    <ClCompile Include="laststg_source\laststg_barrett.cpp">
      <Filter>laststg_</Filter>
    </ClCompile>
    <ClCompile Include="laststg_source\laststg_boss.cpp">
      <Filter>laststg_</Filter>
    </ClCompile>
    <ClCompile Include="laststg_source\laststg_bossenemy.cpp">
      <Filter>laststg_</Filter>
    </ClCompile>
    <ClCompile Include="laststg_source\laststg_bosshoukou.cpp">
      <Filter>laststg_</Filter>
    </ClCompile>
    <ClCompile Include="laststg_source\laststg_bossSpawnWarning.cpp">
      <Filter>laststg_</Filter>
    </ClCompile>
    <ClCompile Include="laststg_source\laststg_clear.cpp">
      <Filter>laststg_</Filter>
    </ClCompile>
    <ClCompile Include="laststg_source\laststg_common.cpp">
      <Filter>laststg_</Filter>
    </ClCompile>
    <ClCompile Include="laststg_source\laststg_effect.cpp">
      <Filter>laststg_</Filter>
    </ClCompile>
    <ClCompile Include="laststg_source\laststg_enemies.cpp">
      <Filter>laststg_</Filter>
    </ClCompile>
    <ClCompile Include="laststg_source\laststg_fire.cpp">
      <Filter>laststg_</Filter>
    </ClCompile>
    <ClCompile Include="laststg_source\laststg_gameover.cpp">
      <Filter>laststg_</Filter>
    </ClCompile>
    <ClCompile Include="laststg_source\laststg_health.cpp">
      <Filter>laststg_</Filter>
    </ClCompile>
    <ClCompile Include="laststg_source\laststg_item.cpp">
      <Filter>laststg_</Filter>
    </ClCompile>
    <ClCompile Include="laststg_source\laststg_object.cpp">
      <Filter>laststg_</Filter>
    </ClCompile>
    <ClCompile Include="laststg_source\laststg_player.cpp">
      <Filter>laststg_</Filter>
    </ClCompile>
    <ClCompile Include="laststg_source\laststg_randquake.cpp">
      <Filter>laststg_</Filter>
    </ClCompile>
    <ClCompile Include="laststg_source\laststg_scenemanager.cpp">
      <Filter>laststg_</Filter>
    </ClCompile>
    <ClCompile Include="laststg_source\laststg_switchControl.cpp">
      <Filter>laststg_</Filter>
    </ClCompile>
    <ClCompile Include="laststg_source\laststg_title.cpp">
      <Filter>laststg_</Filter>
    </ClCompile>
    <ClCompile Include="laststg_source\laststg_works.cpp">
      <Filter>laststg_</Filter>
    </ClCompile>
  </ItemGroup>
</Project>